// !$*UTF8*$!
{
	archiveVersion = 1;
	classes = {
	};
	objectVersion = 50;
	objects = {

/* Begin PBXBuildFile section */
		DE95BD6622E068EC00091551 /* AppDelegate.swift in Sources */ = {isa = PBXBuildFile; fileRef = DE95BD6522E068EC00091551 /* AppDelegate.swift */; };
		DE95BD6822E068EC00091551 /* ViewController.swift in Sources */ = {isa = PBXBuildFile; fileRef = DE95BD6722E068EC00091551 /* ViewController.swift */; };
		DE95BD6B22E068EC00091551 /* Main.storyboard in Resources */ = {isa = PBXBuildFile; fileRef = DE95BD6922E068EC00091551 /* Main.storyboard */; };
		DE95BD6D22E068EE00091551 /* Assets.xcassets in Resources */ = {isa = PBXBuildFile; fileRef = DE95BD6C22E068EE00091551 /* Assets.xcassets */; };
		DE95BD7022E068EE00091551 /* LaunchScreen.storyboard in Resources */ = {isa = PBXBuildFile; fileRef = DE95BD6E22E068EE00091551 /* LaunchScreen.storyboard */; };
		DE95BD7B22E068EE00091551 /* pictogramTests.swift in Sources */ = {isa = PBXBuildFile; fileRef = DE95BD7A22E068EE00091551 /* pictogramTests.swift */; };
		DE95BD8622E068EE00091551 /* pictogramUITests.swift in Sources */ = {isa = PBXBuildFile; fileRef = DE95BD8522E068EE00091551 /* pictogramUITests.swift */; };
/* End PBXBuildFile section */

/* Begin PBXContainerItemProxy section */
		DE95BD7722E068EE00091551 /* PBXContainerItemProxy */ = {
			isa = PBXContainerItemProxy;
			containerPortal = DE95BD5A22E068EC00091551 /* Project object */;
			proxyType = 1;
			remoteGlobalIDString = DE95BD6122E068EC00091551;
			remoteInfo = pictogram;
		};
		DE95BD8222E068EE00091551 /* PBXContainerItemProxy */ = {
			isa = PBXContainerItemProxy;
			containerPortal = DE95BD5A22E068EC00091551 /* Project object */;
			proxyType = 1;
			remoteGlobalIDString = DE95BD6122E068EC00091551;
			remoteInfo = pictogram;
		};
/* End PBXContainerItemProxy section */

/* Begin PBXFileReference section */
		DE95BD6222E068EC00091551 /* pictogram.app */ = {isa = PBXFileReference; explicitFileType = wrapper.application; includeInIndex = 0; path = pictogram.app; sourceTree = BUILT_PRODUCTS_DIR; };
		DE95BD6522E068EC00091551 /* AppDelegate.swift */ = {isa = PBXFileReference; lastKnownFileType = sourcecode.swift; path = AppDelegate.swift; sourceTree = "<group>"; };
		DE95BD6722E068EC00091551 /* ViewController.swift */ = {isa = PBXFileReference; lastKnownFileType = sourcecode.swift; path = ViewController.swift; sourceTree = "<group>"; };
		DE95BD6A22E068EC00091551 /* Base */ = {isa = PBXFileReference; lastKnownFileType = file.storyboard; name = Base; path = Base.lproj/Main.storyboard; sourceTree = "<group>"; };
		DE95BD6C22E068EE00091551 /* Assets.xcassets */ = {isa = PBXFileReference; lastKnownFileType = folder.assetcatalog; path = Assets.xcassets; sourceTree = "<group>"; };
		DE95BD6F22E068EE00091551 /* Base */ = {isa = PBXFileReference; lastKnownFileType = file.storyboard; name = Base; path = Base.lproj/LaunchScreen.storyboard; sourceTree = "<group>"; };
		DE95BD7122E068EE00091551 /* Info.plist */ = {isa = PBXFileReference; lastKnownFileType = text.plist.xml; path = Info.plist; sourceTree = "<group>"; };
		DE95BD7622E068EE00091551 /* pictogramTests.xctest */ = {isa = PBXFileReference; explicitFileType = wrapper.cfbundle; includeInIndex = 0; path = pictogramTests.xctest; sourceTree = BUILT_PRODUCTS_DIR; };
		DE95BD7A22E068EE00091551 /* pictogramTests.swift */ = {isa = PBXFileReference; lastKnownFileType = sourcecode.swift; path = pictogramTests.swift; sourceTree = "<group>"; };
		DE95BD7C22E068EE00091551 /* Info.plist */ = {isa = PBXFileReference; lastKnownFileType = text.plist.xml; path = Info.plist; sourceTree = "<group>"; };
		DE95BD8122E068EE00091551 /* pictogramUITests.xctest */ = {isa = PBXFileReference; explicitFileType = wrapper.cfbundle; includeInIndex = 0; path = pictogramUITests.xctest; sourceTree = BUILT_PRODUCTS_DIR; };
		DE95BD8522E068EE00091551 /* pictogramUITests.swift */ = {isa = PBXFileReference; lastKnownFileType = sourcecode.swift; path = pictogramUITests.swift; sourceTree = "<group>"; };
		DE95BD8722E068EE00091551 /* Info.plist */ = {isa = PBXFileReference; lastKnownFileType = text.plist.xml; path = Info.plist; sourceTree = "<group>"; };
/* End PBXFileReference section */

/* Begin PBXFrameworksBuildPhase section */
		DE95BD5F22E068EC00091551 /* Frameworks */ = {
			isa = PBXFrameworksBuildPhase;
			buildActionMask = 2147483647;
			files = (
			);
			runOnlyForDeploymentPostprocessing = 0;
		};
		DE95BD7322E068EE00091551 /* Frameworks */ = {
			isa = PBXFrameworksBuildPhase;
			buildActionMask = 2147483647;
			files = (
			);
			runOnlyForDeploymentPostprocessing = 0;
		};
		DE95BD7E22E068EE00091551 /* Frameworks */ = {
			isa = PBXFrameworksBuildPhase;
			buildActionMask = 2147483647;
			files = (
			);
			runOnlyForDeploymentPostprocessing = 0;
		};
/* End PBXFrameworksBuildPhase section */

/* Begin PBXGroup section */
		DE95BD5922E068EC00091551 = {
			isa = PBXGroup;
			children = (
				DE95BD6422E068EC00091551 /* pictogram */,
				DE95BD7922E068EE00091551 /* pictogramTests */,
				DE95BD8422E068EE00091551 /* pictogramUITests */,
				DE95BD6322E068EC00091551 /* Products */,
			);
			sourceTree = "<group>";
		};
		DE95BD6322E068EC00091551 /* Products */ = {
			isa = PBXGroup;
			children = (
				DE95BD6222E068EC00091551 /* pictogram.app */,
				DE95BD7622E068EE00091551 /* pictogramTests.xctest */,
				DE95BD8122E068EE00091551 /* pictogramUITests.xctest */,
			);
			name = Products;
			sourceTree = "<group>";
		};
		DE95BD6422E068EC00091551 /* pictogram */ = {
			isa = PBXGroup;
			children = (
				DE95BD6522E068EC00091551 /* AppDelegate.swift */,
				DE95BD6722E068EC00091551 /* ViewController.swift */,
				DE95BD6922E068EC00091551 /* Main.storyboard */,
				DE95BD6C22E068EE00091551 /* Assets.xcassets */,
				DE95BD6E22E068EE00091551 /* LaunchScreen.storyboard */,
				DE95BD7122E068EE00091551 /* Info.plist */,
			);
			path = pictogram;
			sourceTree = "<group>";
		};
		DE95BD7922E068EE00091551 /* pictogramTests */ = {
			isa = PBXGroup;
			children = (
				DE95BD7A22E068EE00091551 /* pictogramTests.swift */,
				DE95BD7C22E068EE00091551 /* Info.plist */,
			);
			path = pictogramTests;
			sourceTree = "<group>";
		};
		DE95BD8422E068EE00091551 /* pictogramUITests */ = {
			isa = PBXGroup;
			children = (
				DE95BD8522E068EE00091551 /* pictogramUITests.swift */,
				DE95BD8722E068EE00091551 /* Info.plist */,
			);
			path = pictogramUITests;
			sourceTree = "<group>";
		};
/* End PBXGroup section */

/* Begin PBXNativeTarget section */
		DE95BD6122E068EC00091551 /* pictogram */ = {
			isa = PBXNativeTarget;
			buildConfigurationList = DE95BD8A22E068EE00091551 /* Build configuration list for PBXNativeTarget "pictogram" */;
			buildPhases = (
				DE95BD5E22E068EC00091551 /* Sources */,
				DE95BD5F22E068EC00091551 /* Frameworks */,
				DE95BD6022E068EC00091551 /* Resources */,
			);
			buildRules = (
			);
			dependencies = (
			);
			name = pictogram;
			productName = pictogram;
			productReference = DE95BD6222E068EC00091551 /* pictogram.app */;
			productType = "com.apple.product-type.application";
		};
		DE95BD7522E068EE00091551 /* pictogramTests */ = {
			isa = PBXNativeTarget;
			buildConfigurationList = DE95BD8D22E068EE00091551 /* Build configuration list for PBXNativeTarget "pictogramTests" */;
			buildPhases = (
				DE95BD7222E068EE00091551 /* Sources */,
				DE95BD7322E068EE00091551 /* Frameworks */,
				DE95BD7422E068EE00091551 /* Resources */,
			);
			buildRules = (
			);
			dependencies = (
				DE95BD7822E068EE00091551 /* PBXTargetDependency */,
			);
			name = pictogramTests;
			productName = pictogramTests;
			productReference = DE95BD7622E068EE00091551 /* pictogramTests.xctest */;
			productType = "com.apple.product-type.bundle.unit-test";
		};
		DE95BD8022E068EE00091551 /* pictogramUITests */ = {
			isa = PBXNativeTarget;
			buildConfigurationList = DE95BD9022E068EE00091551 /* Build configuration list for PBXNativeTarget "pictogramUITests" */;
			buildPhases = (
				DE95BD7D22E068EE00091551 /* Sources */,
				DE95BD7E22E068EE00091551 /* Frameworks */,
				DE95BD7F22E068EE00091551 /* Resources */,
			);
			buildRules = (
			);
			dependencies = (
				DE95BD8322E068EE00091551 /* PBXTargetDependency */,
			);
			name = pictogramUITests;
			productName = pictogramUITests;
			productReference = DE95BD8122E068EE00091551 /* pictogramUITests.xctest */;
			productType = "com.apple.product-type.bundle.ui-testing";
		};
/* End PBXNativeTarget section */

/* Begin PBXProject section */
		DE95BD5A22E068EC00091551 /* Project object */ = {
			isa = PBXProject;
			attributes = {
				LastSwiftUpdateCheck = 1010;
				LastUpgradeCheck = 1010;
				ORGANIZATIONNAME = "Egor Devyatov";
				TargetAttributes = {
					DE95BD6122E068EC00091551 = {
						CreatedOnToolsVersion = 10.1;
					};
					DE95BD7522E068EE00091551 = {
						CreatedOnToolsVersion = 10.1;
						TestTargetID = DE95BD6122E068EC00091551;
					};
					DE95BD8022E068EE00091551 = {
						CreatedOnToolsVersion = 10.1;
						TestTargetID = DE95BD6122E068EC00091551;
					};
				};
			};
			buildConfigurationList = DE95BD5D22E068EC00091551 /* Build configuration list for PBXProject "pictogram" */;
			compatibilityVersion = "Xcode 9.3";
			developmentRegion = en;
			hasScannedForEncodings = 0;
			knownRegions = (
				en,
				Base,
			);
			mainGroup = DE95BD5922E068EC00091551;
			productRefGroup = DE95BD6322E068EC00091551 /* Products */;
			projectDirPath = "";
			projectRoot = "";
			targets = (
				DE95BD6122E068EC00091551 /* pictogram */,
				DE95BD7522E068EE00091551 /* pictogramTests */,
				DE95BD8022E068EE00091551 /* pictogramUITests */,
			);
		};
/* End PBXProject section */

/* Begin PBXResourcesBuildPhase section */
		DE95BD6022E068EC00091551 /* Resources */ = {
			isa = PBXResourcesBuildPhase;
			buildActionMask = 2147483647;
			files = (
				DE95BD7022E068EE00091551 /* LaunchScreen.storyboard in Resources */,
				DE95BD6D22E068EE00091551 /* Assets.xcassets in Resources */,
				DE95BD6B22E068EC00091551 /* Main.storyboard in Resources */,
			);
			runOnlyForDeploymentPostprocessing = 0;
		};
		DE95BD7422E068EE00091551 /* Resources */ = {
			isa = PBXResourcesBuildPhase;
			buildActionMask = 2147483647;
			files = (
			);
			runOnlyForDeploymentPostprocessing = 0;
		};
		DE95BD7F22E068EE00091551 /* Resources */ = {
			isa = PBXResourcesBuildPhase;
			buildActionMask = 2147483647;
			files = (
			);
			runOnlyForDeploymentPostprocessing = 0;
		};
/* End PBXResourcesBuildPhase section */

/* Begin PBXSourcesBuildPhase section */
		DE95BD5E22E068EC00091551 /* Sources */ = {
			isa = PBXSourcesBuildPhase;
			buildActionMask = 2147483647;
			files = (
				DE95BD6822E068EC00091551 /* ViewController.swift in Sources */,
				DE95BD6622E068EC00091551 /* AppDelegate.swift in Sources */,
			);
			runOnlyForDeploymentPostprocessing = 0;
		};
		DE95BD7222E068EE00091551 /* Sources */ = {
			isa = PBXSourcesBuildPhase;
			buildActionMask = 2147483647;
			files = (
				DE95BD7B22E068EE00091551 /* pictogramTests.swift in Sources */,
			);
			runOnlyForDeploymentPostprocessing = 0;
		};
		DE95BD7D22E068EE00091551 /* Sources */ = {
			isa = PBXSourcesBuildPhase;
			buildActionMask = 2147483647;
			files = (
				DE95BD8622E068EE00091551 /* pictogramUITests.swift in Sources */,
			);
			runOnlyForDeploymentPostprocessing = 0;
		};
/* End PBXSourcesBuildPhase section */

/* Begin PBXTargetDependency section */
		DE95BD7822E068EE00091551 /* PBXTargetDependency */ = {
			isa = PBXTargetDependency;
			target = DE95BD6122E068EC00091551 /* pictogram */;
			targetProxy = DE95BD7722E068EE00091551 /* PBXContainerItemProxy */;
		};
		DE95BD8322E068EE00091551 /* PBXTargetDependency */ = {
			isa = PBXTargetDependency;
			target = DE95BD6122E068EC00091551 /* pictogram */;
			targetProxy = DE95BD8222E068EE00091551 /* PBXContainerItemProxy */;
		};
/* End PBXTargetDependency section */

/* Begin PBXVariantGroup section */
		DE95BD6922E068EC00091551 /* Main.storyboard */ = {
			isa = PBXVariantGroup;
			children = (
				DE95BD6A22E068EC00091551 /* Base */,
			);
			name = Main.storyboard;
			sourceTree = "<group>";
		};
		DE95BD6E22E068EE00091551 /* LaunchScreen.storyboard */ = {
			isa = PBXVariantGroup;
			children = (
				DE95BD6F22E068EE00091551 /* Base */,
			);
			name = LaunchScreen.storyboard;
			sourceTree = "<group>";
		};
/* End PBXVariantGroup section */

/* Begin XCBuildConfiguration section */
		DE95BD8822E068EE00091551 /* Debug */ = {
			isa = XCBuildConfiguration;
			buildSettings = {
				ALWAYS_SEARCH_USER_PATHS = NO;
				CLANG_ANALYZER_NONNULL = YES;
				CLANG_ANALYZER_NUMBER_OBJECT_CONVERSION = YES_AGGRESSIVE;
				CLANG_CXX_LANGUAGE_STANDARD = "gnu++14";
				CLANG_CXX_LIBRARY = "libc++";
				CLANG_ENABLE_MODULES = YES;
				CLANG_ENABLE_OBJC_ARC = YES;
				CLANG_ENABLE_OBJC_WEAK = YES;
				CLANG_WARN_BLOCK_CAPTURE_AUTORELEASING = YES;
				CLANG_WARN_BOOL_CONVERSION = YES;
				CLANG_WARN_COMMA = YES;
				CLANG_WARN_CONSTANT_CONVERSION = YES;
				CLANG_WARN_DEPRECATED_OBJC_IMPLEMENTATIONS = YES;
				CLANG_WARN_DIRECT_OBJC_ISA_USAGE = YES_ERROR;
				CLANG_WARN_DOCUMENTATION_COMMENTS = YES;
				CLANG_WARN_EMPTY_BODY = YES;
				CLANG_WARN_ENUM_CONVERSION = YES;
				CLANG_WARN_INFINITE_RECURSION = YES;
				CLANG_WARN_INT_CONVERSION = YES;
				CLANG_WARN_NON_LITERAL_NULL_CONVERSION = YES;
				CLANG_WARN_OBJC_IMPLICIT_RETAIN_SELF = YES;
				CLANG_WARN_OBJC_LITERAL_CONVERSION = YES;
				CLANG_WARN_OBJC_ROOT_CLASS = YES_ERROR;
				CLANG_WARN_RANGE_LOOP_ANALYSIS = YES;
				CLANG_WARN_STRICT_PROTOTYPES = YES;
				CLANG_WARN_SUSPICIOUS_MOVE = YES;
				CLANG_WARN_UNGUARDED_AVAILABILITY = YES_AGGRESSIVE;
				CLANG_WARN_UNREACHABLE_CODE = YES;
				CLANG_WARN__DUPLICATE_METHOD_MATCH = YES;
				CODE_SIGN_IDENTITY = "iPhone Developer";
				COPY_PHASE_STRIP = NO;
				DEBUG_INFORMATION_FORMAT = dwarf;
				ENABLE_STRICT_OBJC_MSGSEND = YES;
				ENABLE_TESTABILITY = YES;
				GCC_C_LANGUAGE_STANDARD = gnu11;
				GCC_DYNAMIC_NO_PIC = NO;
				GCC_NO_COMMON_BLOCKS = YES;
				GCC_OPTIMIZATION_LEVEL = 0;
				GCC_PREPROCESSOR_DEFINITIONS = (
					"DEBUG=1",
					"$(inherited)",
				);
				GCC_WARN_64_TO_32_BIT_CONVERSION = YES;
				GCC_WARN_ABOUT_RETURN_TYPE = YES_ERROR;
				GCC_WARN_UNDECLARED_SELECTOR = YES;
				GCC_WARN_UNINITIALIZED_AUTOS = YES_AGGRESSIVE;
				GCC_WARN_UNUSED_FUNCTION = YES;
				GCC_WARN_UNUSED_VARIABLE = YES;
				IPHONEOS_DEPLOYMENT_TARGET = 12.1;
				MTL_ENABLE_DEBUG_INFO = INCLUDE_SOURCE;
				MTL_FAST_MATH = YES;
				ONLY_ACTIVE_ARCH = YES;
				SDKROOT = iphoneos;
				SWIFT_ACTIVE_COMPILATION_CONDITIONS = DEBUG;
				SWIFT_OPTIMIZATION_LEVEL = "-Onone";
			};
			name = Debug;
		};
		DE95BD8922E068EE00091551 /* Release */ = {
			isa = XCBuildConfiguration;
			buildSettings = {
				ALWAYS_SEARCH_USER_PATHS = NO;
				CLANG_ANALYZER_NONNULL = YES;
				CLANG_ANALYZER_NUMBER_OBJECT_CONVERSION = YES_AGGRESSIVE;
				CLANG_CXX_LANGUAGE_STANDARD = "gnu++14";
				CLANG_CXX_LIBRARY = "libc++";
				CLANG_ENABLE_MODULES = YES;
				CLANG_ENABLE_OBJC_ARC = YES;
				CLANG_ENABLE_OBJC_WEAK = YES;
				CLANG_WARN_BLOCK_CAPTURE_AUTORELEASING = YES;
				CLANG_WARN_BOOL_CONVERSION = YES;
				CLANG_WARN_COMMA = YES;
				CLANG_WARN_CONSTANT_CONVERSION = YES;
				CLANG_WARN_DEPRECATED_OBJC_IMPLEMENTATIONS = YES;
				CLANG_WARN_DIRECT_OBJC_ISA_USAGE = YES_ERROR;
				CLANG_WARN_DOCUMENTATION_COMMENTS = YES;
				CLANG_WARN_EMPTY_BODY = YES;
				CLANG_WARN_ENUM_CONVERSION = YES;
				CLANG_WARN_INFINITE_RECURSION = YES;
				CLANG_WARN_INT_CONVERSION = YES;
				CLANG_WARN_NON_LITERAL_NULL_CONVERSION = YES;
				CLANG_WARN_OBJC_IMPLICIT_RETAIN_SELF = YES;
				CLANG_WARN_OBJC_LITERAL_CONVERSION = YES;
				CLANG_WARN_OBJC_ROOT_CLASS = YES_ERROR;
				CLANG_WARN_RANGE_LOOP_ANALYSIS = YES;
				CLANG_WARN_STRICT_PROTOTYPES = YES;
				CLANG_WARN_SUSPICIOUS_MOVE = YES;
				CLANG_WARN_UNGUARDED_AVAILABILITY = YES_AGGRESSIVE;
				CLANG_WARN_UNREACHABLE_CODE = YES;
				CLANG_WARN__DUPLICATE_METHOD_MATCH = YES;
				CODE_SIGN_IDENTITY = "iPhone Developer";
				COPY_PHASE_STRIP = NO;
				DEBUG_INFORMATION_FORMAT = "dwarf-with-dsym";
				ENABLE_NS_ASSERTIONS = NO;
				ENABLE_STRICT_OBJC_MSGSEND = YES;
				GCC_C_LANGUAGE_STANDARD = gnu11;
				GCC_NO_COMMON_BLOCKS = YES;
				GCC_WARN_64_TO_32_BIT_CONVERSION = YES;
				GCC_WARN_ABOUT_RETURN_TYPE = YES_ERROR;
				GCC_WARN_UNDECLARED_SELECTOR = YES;
				GCC_WARN_UNINITIALIZED_AUTOS = YES_AGGRESSIVE;
				GCC_WARN_UNUSED_FUNCTION = YES;
				GCC_WARN_UNUSED_VARIABLE = YES;
				IPHONEOS_DEPLOYMENT_TARGET = 12.1;
				MTL_ENABLE_DEBUG_INFO = NO;
				MTL_FAST_MATH = YES;
				SDKROOT = iphoneos;
				SWIFT_COMPILATION_MODE = wholemodule;
				SWIFT_OPTIMIZATION_LEVEL = "-O";
				VALIDATE_PRODUCT = YES;
			};
			name = Release;
		};
		DE95BD8B22E068EE00091551 /* Debug */ = {
			isa = XCBuildConfiguration;
			buildSettings = {
				ASSETCATALOG_COMPILER_APPICON_NAME = AppIcon;
				CODE_SIGN_STYLE = Automatic;
				INFOPLIST_FILE = pictogram/Info.plist;
				LD_RUNPATH_SEARCH_PATHS = (
					"$(inherited)",
					"@executable_path/Frameworks",
				);
				PRODUCT_BUNDLE_IDENTIFIER = "ru.htc-cs.pictogram";
				PRODUCT_NAME = "$(TARGET_NAME)";
				SWIFT_VERSION = 4.2;
				TARGETED_DEVICE_FAMILY = "1,2";
			};
			name = Debug;
		};
		DE95BD8C22E068EE00091551 /* Release */ = {
			isa = XCBuildConfiguration;
			buildSettings = {
				ASSETCATALOG_COMPILER_APPICON_NAME = AppIcon;
				CODE_SIGN_STYLE = Automatic;
				INFOPLIST_FILE = pictogram/Info.plist;
				LD_RUNPATH_SEARCH_PATHS = (
					"$(inherited)",
					"@executable_path/Frameworks",
				);
				PRODUCT_BUNDLE_IDENTIFIER = "ru.htc-cs.pictogram";
				PRODUCT_NAME = "$(TARGET_NAME)";
				SWIFT_VERSION = 4.2;
				TARGETED_DEVICE_FAMILY = "1,2";
			};
			name = Release;
		};
		DE95BD8E22E068EE00091551 /* Debug */ = {
			isa = XCBuildConfiguration;
			buildSettings = {
				ALWAYS_EMBED_SWIFT_STANDARD_LIBRARIES = YES;
				BUNDLE_LOADER = "$(TEST_HOST)";
				CODE_SIGN_STYLE = Automatic;
				INFOPLIST_FILE = pictogramTests/Info.plist;
				LD_RUNPATH_SEARCH_PATHS = (
					"$(inherited)",
					"@executable_path/Frameworks",
					"@loader_path/Frameworks",
				);
				PRODUCT_BUNDLE_IDENTIFIER = "ru.htc-cs.pictogramTests";
				PRODUCT_NAME = "$(TARGET_NAME)";
				SWIFT_VERSION = 4.2;
				TARGETED_DEVICE_FAMILY = "1,2";
				TEST_HOST = "$(BUILT_PRODUCTS_DIR)/pictogram.app/pictogram";
			};
			name = Debug;
		};
		DE95BD8F22E068EE00091551 /* Release */ = {
			isa = XCBuildConfiguration;
			buildSettings = {
				ALWAYS_EMBED_SWIFT_STANDARD_LIBRARIES = YES;
				BUNDLE_LOADER = "$(TEST_HOST)";
				CODE_SIGN_STYLE = Automatic;
				INFOPLIST_FILE = pictogramTests/Info.plist;
				LD_RUNPATH_SEARCH_PATHS = (
					"$(inherited)",
					"@executable_path/Frameworks",
					"@loader_path/Frameworks",
				);
				PRODUCT_BUNDLE_IDENTIFIER = "ru.htc-cs.pictogramTests";
				PRODUCT_NAME = "$(TARGET_NAME)";
				SWIFT_VERSION = 4.2;
				TARGETED_DEVICE_FAMILY = "1,2";
				TEST_HOST = "$(BUILT_PRODUCTS_DIR)/pictogram.app/pictogram";
			};
			name = Release;
		};
		DE95BD9122E068EE00091551 /* Debug */ = {
			isa = XCBuildConfiguration;
			buildSettings = {
				ALWAYS_EMBED_SWIFT_STANDARD_LIBRARIES = YES;
				CODE_SIGN_STYLE = Automatic;
				INFOPLIST_FILE = pictogramUITests/Info.plist;
				LD_RUNPATH_SEARCH_PATHS = (
					"$(inherited)",
					"@executable_path/Frameworks",
					"@loader_path/Frameworks",
				);
				PRODUCT_BUNDLE_IDENTIFIER = "ru.htc-cs.pictogramUITests";
				PRODUCT_NAME = "$(TARGET_NAME)";
				SWIFT_VERSION = 4.2;
				TARGETED_DEVICE_FAMILY = "1,2";
				TEST_TARGET_NAME = pictogram;
			};
			name = Debug;
		};
		DE95BD9222E068EE00091551 /* Release */ = {
			isa = XCBuildConfiguration;
			buildSettings = {
				ALWAYS_EMBED_SWIFT_STANDARD_LIBRARIES = YES;
				CODE_SIGN_STYLE = Automatic;
				INFOPLIST_FILE = pictogramUITests/Info.plist;
				LD_RUNPATH_SEARCH_PATHS = (
					"$(inherited)",
					"@executable_path/Frameworks",
					"@loader_path/Frameworks",
				);
				PRODUCT_BUNDLE_IDENTIFIER = "ru.htc-cs.pictogramUITests";
				PRODUCT_NAME = "$(TARGET_NAME)";
				SWIFT_VERSION = 4.2;
				TARGETED_DEVICE_FAMILY = "1,2";
				TEST_TARGET_NAME = pictogram;
			};
			name = Release;
		};
/* End XCBuildConfiguration section */

/* Begin XCConfigurationList section */
		DE95BD5D22E068EC00091551 /* Build configuration list for PBXProject "pictogram" */ = {
			isa = XCConfigurationList;
			buildConfigurations = (
				DE95BD8822E068EE00091551 /* Debug */,
				DE95BD8922E068EE00091551 /* Release */,
			);
			defaultConfigurationIsVisible = 0;
			defaultConfigurationName = Release;
		};
		DE95BD8A22E068EE00091551 /* Build configuration list for PBXNativeTarget "pictogram" */ = {
			isa = XCConfigurationList;
			buildConfigurations = (
				DE95BD8B22E068EE00091551 /* Debug */,
				DE95BD8C22E068EE00091551 /* Release */,
			);
			defaultConfigurationIsVisible = 0;
			defaultConfigurationName = Release;
		};
		DE95BD8D22E068EE00091551 /* Build configuration list for PBXNativeTarget "pictogramTests" */ = {
			isa = XCConfigurationList;
			buildConfigurations = (
				DE95BD8E22E068EE00091551 /* Debug */,
				DE95BD8F22E068EE00091551 /* Release */,
			);
			defaultConfigurationIsVisible = 0;
			defaultConfigurationName = Release;
		};
		DE95BD9022E068EE00091551 /* Build configuration list for PBXNativeTarget "pictogramUITests" */ = {
			isa = XCConfigurationList;
			buildConfigurations = (
				DE95BD9122E068EE00091551 /* Debug */,
				DE95BD9222E068EE00091551 /* Release */,
			);
			defaultConfigurationIsVisible = 0;
			defaultConfigurationName = Release;
		};
/* End XCConfigurationList section */
	};
	rootObject = DE95BD5A22E068EC00091551 /* Project object */;
}
